github.com/Financial-Times/go-fthealth v0.0.0-20180807113633-3d8eb430d5b5 h1:XH5h45aAyG1bAFBYmkgJkT4q13CbkCJ+gj9+rIfzuL8=
github.com/Financial-Times/go-fthealth v0.0.0-20180807113633-3d8eb430d5b5/go.mod h1:gpAzq6W5rCheYlY32JOIxS/VjVcYHbC2PkMzQngHT9c=
github.com/Financial-Times/go-logger v0.0.0-20180323124113-febee6537e90 h1:U7wPaeMESlG0WVwOobaw4qv6I6s9F8b0SdmJKH3Vh6A=
github.com/Financial-Times/go-logger v0.0.0-20180323124113-febee6537e90/go.mod h1:NI4Dg39A21H57YC2nG8C42C6ENz/YVsI0jMQWngJzR0=
github.com/Financial-Times/http-handlers-go v0.0.0-20180517120644-2c20324ab887 h1:4qEj6CB6jF9eloZIV/SCS7mQ/9iyx+3Ru/w7m10c69w=
github.com/Financial-Times/http-handlers-go v0.0.0-20180517120644-2c20324ab887/go.mod h1:sAkXv1oPYgNTYBYsYs83HwpYp7R50mvgBGGcsOlJtOw=
github.com/Financial-Times/neo-model-utils-go v0.0.0-20180712095719-aea1e95c8305 h1:ob+VRuAq7QGfqT4ccoH5Ru0nfnBmjmNgUEaLzXTzUNw=
github.com/Financial-Times/neo-model-utils-go v0.0.0-20180712095719-aea1e95c8305/go.mod h1:HdCuBcOftPWj3SBix/6H9NbPQpur9F7stSF0MEROMcU=
github.com/Financial-Times/service-status-go v0.0.0-20160323111542-3f5199736a3d h1:USNBTIof6vWGM49SYrxvC5Y8NqyDL3YuuYmID81ORZQ=
github.com/Financial-Times/service-status-go v0.0.0-20160323111542-3f5199736a3d/go.mod h1:7zULC9rrq6KxFkpB3Y5zNVaEwrf1g2m3dvXJBPDXyvM=
github.com/Financial-Times/transactionid-utils-go v0.2.0 h1:YcET5Hd1fUGWWpQSVszYUlAc15ca8tmjRetUuQKRqEQ=
github.com/Financial-Times/transactionid-utils-go v0.2.0/go.mod h1:tPAcAFs/dR6Q7hBDGNyUyixHRvg/n9NW/JTq8C58oZ0=
github.com/davecgh/go-spew v1.1.0 h1:ZDRjVQ15GmhC3fiQ8ni8+OwkZQO4DARzQgrnXU1Liz8=
github.com/davecgh/go-spew v1.1.0/go.mod h1:J7Y8YcW2NihsgmVo/mv3lAwl/skON4iLHjSsI+c5H38=
github.com/fsnotify/fsnotify v1.4.7 h1:IXs+QLmnXW2CcXuY+8Mzv/fWEsPGWxqefPtCP5CnV9I=
github.com/fsnotify/fsnotify v1.4.7/go.mod h1:jwhsz4b93w/PPRr/qN1Yymfu8t87LnFCMoQvtojpjFo=
github.com/golang/protobuf v1.2.0 h1:P3YflyNX/ehuJFLhxviNdFxQPkGK5cDcApsge1SqnvM=
github.com/golang/protobuf v1.2.0/go.mod h1:6lQm79b+lXiMfvg/cZm0SGofjICqVBUtrP5yJMmIC1U=
github.com/gorilla/context v0.0.0-20160226214623-1ea25387ff6f h1:9oNbS1z4rVpbnkHBdPZU4jo9bSmrLpII768arSyMFgk=
github.com/gorilla/context v0.0.0-20160226214623-1ea25387ff6f/go.mod h1:kBGZzfjB9CEq2AlWe17Uuf7NDRt0dE0s8S51q0aT7Yg=
github.com/gorilla/handlers v1.3.0 h1:tsg9qP3mjt1h4Roxp+M1paRjrVBfPSOpBuVclh6YluI=
github.com/gorilla/handlers v1.3.0/go.mod h1:Qkdc/uu4tH4g6mTK6auzZ766c4CA0Ng8+o/OAirnOIQ=
github.com/gorilla/mux v1.4.1-0.20170704074345-ac112f7d75a0 h1:8Af9zlckTJqhTTSj8p1/yVbGMfsHqw/M52z/iJSg0I8=
github.com/gorilla/mux v1.4.1-0.20170704074345-ac112f7d75a0/go.mod h1:1lud6UwP+6orDFRuTfBEV8e9/aOM/c4fVVCaMa2zaAs=
github.com/hashicorp/go-version v0.0.0-20170202080759-03c5bf6be031 h1:c3Xdf5fTpk+hqhxqCO+ymqjfUXV9+GZqNgTtlnVzDos=
github.com/hashicorp/go-version v0.0.0-20170202080759-03c5bf6be031/go.mod h1:fltr4n8CU8Ke44wwGCBoEymUuxUHl09ZGVZPK5anwXA=
github.com/hpcloud/tail v1.0.0 h1:nfCOvKYfkgYP8hkirhJocXT2+zOD8yUNjXaWfTlyFKI=
github.com/hpcloud/tail v1.0.0/go.mod h1:ab1qPbhIpdTxEkNHXyeSf5vhxWSCs/tWer42PpOxQnU=
github.com/jawher/mow.cli v0.0.0-20170712113824-a6088643acff h1:x5pzpfFtFQYcypjIah0Tj8lpo/eEmqZNHeME2u2/EOo=
github.com/jawher/mow.cli v0.0.0-20170712113824-a6088643acff/go.mod h1:5hQj2V8g+qYmLUVWqu4Wuja1pI57M83EChYLVZ0sMKk=
github.com/onsi/ginkgo v1.6.0/go.mod h1:lLunBs/Ym6LB5Z9jYTR76FiuTmxDTDusOGeTQH+WWjE=
github.com/onsi/ginkgo v1.12.0 h1:Iw5WCbBcaAAd0fpRb1c9r5YCylv4XDoCSigm1zLevwU=
github.com/onsi/ginkgo v1.12.0/go.mod h1:oUhWkIvk5aDxtKvDDuw8gItl8pKl42LzjC9KZE0HfGg=
github.com/onsi/gomega v1.7.1/go.mod h1:XdKZgCCFLUoM/7CFJVPcG8C1xQ1AJ0vpAezJrB7JYyY=
github.com/onsi/gomega v1.9.0 h1:R1uwffexN6Pr340GtYRIdZmAiN4J+iw6WG4wog1DUXg=
github.com/onsi/gomega v1.9.0/go.mod h1:Ho0h+IUsWyvy1OpqCwxlQ/21gkhVunqlU8fDGcoTdcA=
github.com/pmezard/go-difflib v1.0.0 h1:4DBwDE0NGyQoBHbLQYPwSUPoCMWR5BEzIk/f1lZbAQM=
github.com/pmezard/go-difflib v1.0.0/go.mod h1:iKH77koFhYxTK1pcRnkKkqfTogsbg7gZNVY4sRDYZ/4=
github.com/rcrowley/go-metrics v0.0.0-20161128210544-1f30fe9094a5 h1:gwcdIpH6NU2iF8CmcqD+CP6+1CkRBOhHaPR+iu6raBY=
github.com/rcrowley/go-metrics v0.0.0-20161128210544-1f30fe9094a5/go.mod h1:bCqnVzQkZxMG4s8nGwiZ5l3QUCyqpo9Y+/ZMZ9VjZe4=
github.com/sirupsen/logrus v1.0.6 h1:hcP1GmhGigz/O7h1WVUM5KklBp1JoNS9FggWKdj/j3s=
github.com/sirupsen/logrus v1.0.6/go.mod h1:pMByvHTf9Beacp5x1UXfOR9xyW/9antXMhjMPG0dEzc=
github.com/stretchr/testify v1.2.2-0.20180319223459-c679ae2cc0cb h1:nt7YdN09XZcT7sloqA3JXOxGaxxErL1UMzBKFUlcIxc=
github.com/stretchr/testify v1.2.2-0.20180319223459-c679ae2cc0cb/go.mod h1:a8OnRcib4nhh0OaRAV+Yts87kKdq0PP7pXfy6kDkUVs=
golang.org/x/crypto v0.0.0-20180910181607-0e37d006457b h1:2b9XGzhjiYsYPnKXoEfL7klWZQIt8IfyRCz62gCqqlQ=
golang.org/x/crypto v0.0.0-20180910181607-0e37d006457b/go.mod h1:6SG95UA2DQfeDnfUPMdvaQW0Q7yPrPDi9nlGo2tz2b4=
golang.org/x/net v0.0.0-20180906233101-161cd47e91fd h1:nTDtHvHSdCn1m6ITfMRqtOd/9+7a3s8RBNOZ3eYZzJA=
golang.org/x/net v0.0.0-20180906233101-161cd47e91fd/go.mod h1:mL1N/T3taQHkDXs73rZJwtUhF3w3ftmwwsq0BUmARs4=
golang.org/x/sync v0.0.0-20180314180146-1d60e4601c6f h1:wMNYb4v58l5UBM7MYRLPG6ZhfOqbKu7X5eyFl8ZhKvA=
golang.org/x/sync v0.0.0-20180314180146-1d60e4601c6f/go.mod h1:RxMgew5VJxzue5/jJTE5uejpjVlOe/izrB70Jof72aM=
golang.org/x/sys v0.0.0-20180909124046-d0be0721c37e h1:o3PsSEY8E4eXWkXrIP9YJALUkVZqzHJT5DOasTyn8Vs=
golang.org/x/sys v0.0.0-20180909124046-d0be0721c37e/go.mod h1:STP8DvDyc/dI5b8T5hshtkjS+E42TnysNCUPdjciGhY=
golang.org/x/sys v0.0.0-20191120155948-bd437916bb0e h1:N7DeIrjYszNmSW409R3frPPwglRwMkXSBzwVbkOjLLA=
golang.org/x/sys v0.0.0-20191120155948-bd437916bb0e/go.mod h1:h1NjWce9XRLGQEsW7wpKNCjG9DtNlClVuFLEZdDNbEs=
golang.org/x/text v0.3.0 h1:g61tztE5qeGQ89tm6NTjjM9VPIm088od1l6aSorWRWg=
golang.org/x/text v0.3.0/go.mod h1:NqM8EUOU14njkJ3fqMW+pc6Ldnwhi/IjpwHt7yyuwOQ=
golang.org/x/xerrors v0.0.0-20190717185122-a985d3407aa7 h1:9zdDQZ7Thm29KFXgAX/+yaf3eVbP7djjWp/dXAppNCc=
golang.org/x/xerrors v0.0.0-20190717185122-a985d3407aa7/go.mod h1:I/5z698sn9Ka8TeJc9MKroUUfqBBauWjQqLJ2OPfmY0=
gopkg.in/airbrake/gobrake.v2 v2.0.9 h1:7z2uVWwn7oVeeugY1DtlPAy5H+KYgB1KeKTnqjNatLo=
gopkg.in/airbrake/gobrake.v2 v2.0.9/go.mod h1:/h5ZAUhDkGaJfjzjKLSjv6zCL6O0LLBxU4K+aSYdM/U=
gopkg.in/check.v1 v0.0.0-20161208181325-20d25e280405 h1:yhCVgyC4o1eVCa2tZl7eS0r+SDo693bJlVdllGtEeKM=
gopkg.in/check.v1 v0.0.0-20161208181325-20d25e280405/go.mod h1:Co6ibVJAznAaIkqp8huTwlJQCZ016jof/cbN4VW5Yz0=
gopkg.in/fsnotify.v1 v1.4.7 h1:xOHLXZwVvI9hhs+cLKq5+I5onOuwQLhQwiu63xxlHs4=
gopkg.in/fsnotify.v1 v1.4.7/go.mod h1:Tz8NjZHkW78fSQdbUxIjBTcgA1z1m8ZHf0WmKUhAMys=
gopkg.in/gemnasium/logrus-airbrake-hook.v2 v2.1.2 h1:OAj3g0cR6Dx/R07QgQe8wkA9RNjB2u4i700xBkIT4e0=
gopkg.in/gemnasium/logrus-airbrake-hook.v2 v2.1.2/go.mod h1:Xk6kEKp8OKb+X14hQBKWaSkCsqBpgog8nAV2xsGOxlo=
gopkg.in/jarcoal/httpmock.v1 v1.0.0-20180615191036-16f9a43967d6 h1:Y8fBSgc6mpy2zJoC3x4l5XAn2x9QJA9+EqmNAYU1Bsw=
gopkg.in/jarcoal/httpmock.v1 v1.0.0-20180615191036-16f9a43967d6/go.mod h1:d3R+NllX3X5e0zlG1Rful3uLvsGC/Q3OHut5464DEQw=
gopkg.in/tomb.v1 v1.0.0-20141024135613-dd632973f1e7 h1:uRGJdciOHaEIrze2W8Q3AKkepLTh2hOroT7a+7czfdQ=
gopkg.in/tomb.v1 v1.0.0-20141024135613-dd632973f1e7/go.mod h1:dt/ZhP58zS4L8KSrWDmTeBkI65Dw0HsyUHuEVlX15mw=
gopkg.in/yaml.v2 v2.2.4 h1:/eiJrUcujPVeJ3xlSWaiNi3uSVmDGBK1pDHUHAnao1I=
gopkg.in/yaml.v2 v2.2.4/go.mod h1:hI93XBmqTisBFMUTm0b8Fm+jr3Dg1NNxqwp+5A1VGuI=
